
Microsoft Visual Studio Solution File, Format Version 12.00
# Visual Studio Version 16
VisualStudioVersion = 16.0.30320.27
MinimumVisualStudioVersion = 10.0.40219.1
Project("{FAE04EC0-301F-11D3-BF4B-00C04F79EFBC}") = "IdentityNameSync", "IdentityNameSync\IdentityNameSync.csproj", "{033B7225-DF57-4686-AE76-7DBB8456319C}"
EndProject
Global
	GlobalSection(SolutionConfigurationPlatforms) = preSolution
		Debug|Any CPU = Debug|Any CPU
		Release|Any CPU = Release|Any CPU
	EndGlobalSection
	GlobalSection(ProjectConfigurationPlatforms) = postSolution
		{033B7225-DF57-4686-AE76-7DBB8456319C}.Debug|Any CPU.ActiveCfg = Debug|Any CPU
		{033B7225-DF57-4686-AE76-7DBB8456319C}.Debug|Any CPU.Build.0 = Debug|Any CPU
		{033B7225-DF57-4686-AE76-7DBB8456319C}.Release|Any CPU.ActiveCfg = Release|Any CPU
		{033B7225-DF57-4686-AE76-7DBB8456319C}.Release|Any CPU.Build.0 = Release|Any CPU
	EndGlobalSection
	GlobalSection(SolutionProperties) = preSolution
		HideSolutionNode = FALSE
	EndGlobalSection
	GlobalSection(ExtensibilityGlobals) = postSolution
		SolutionGuid = {A1934D87-6378-4747-BB93-5BE2BAFC31E8}
	EndGlobalSection
EndGlobal
